
Microsoft Visual Studio Solution File, Format Version 12.00
# Visual Studio Version 16
VisualStudioVersion = 16.0.29306.81
MinimumVisualStudioVersion = 10.0.40219.1
Project("{FAE04EC0-301F-11D3-BF4B-00C04F79EFBC}") = "My crap app", "My crap app\My crap app.csproj", "{0A001420-23D9-49D1-9A28-0904A58A7A98}"
EndProject
Global
	GlobalSection(SolutionConfigurationPlatforms) = preSolution
		Debug|Any CPU = Debug|Any CPU
		Release|Any CPU = Release|Any CPU
	EndGlobalSection
	GlobalSection(ProjectConfigurationPlatforms) = postSolution
		{0A001420-23D9-49D1-9A28-0904A58A7A98}.Debug|Any CPU.ActiveCfg = Debug|Any CPU
		{0A001420-23D9-49D1-9A28-0904A58A7A98}.Debug|Any CPU.Build.0 = Debug|Any CPU
		{0A001420-23D9-49D1-9A28-0904A58A7A98}.Release|Any CPU.ActiveCfg = Release|Any CPU
		{0A001420-23D9-49D1-9A28-0904A58A7A98}.Release|Any CPU.Build.0 = Release|Any CPU
	EndGlobalSection
	GlobalSection(SolutionProperties) = preSolution
		HideSolutionNode = FALSE
	EndGlobalSection
	GlobalSection(ExtensibilityGlobals) = postSolution
		SolutionGuid = {DA474FB1-0BAE-4B5B-927E-7DB0C3713068}
	EndGlobalSection
EndGlobal
